Microsoft Visual Studio Solution File, Format Version 12.00
# Visual Studio Version 17
VisualStudioVersion = 17.7.34202.233
MinimumVisualStudioVersion = 10.0.40219.1
Project("{FAE04EC0-301F-11D3-BF4B-00C04F79EFBC}") = "getUserDataService", "getUserDataService.csproj", "{1F520423-1BB4-4E80-87EF-354176459560}"
EndProject
Global
	GlobalSection(SolutionConfigurationPlatforms) = preSolution
		Debug|Any CPU = Debug|Any CPU
		Release|Any CPU = Release|Any CPU
	EndGlobalSection
	GlobalSection(ProjectConfigurationPlatforms) = postSolution
		{1F520423-1BB4-4E80-87EF-354176459560}.Debug|Any CPU.ActiveCfg = Debug|Any CPU
		{1F520423-1BB4-4E80-87EF-354176459560}.Debug|Any CPU.Build.0 = Debug|Any CPU
		{1F520423-1BB4-4E80-87EF-354176459560}.Release|Any CPU.ActiveCfg = Release|Any CPU
		{1F520423-1BB4-4E80-87EF-354176459560}.Release|Any CPU.Build.0 = Release|Any CPU
	EndGlobalSection
	GlobalSection(SolutionProperties) = preSolution
		HideSolutionNode = FALSE
	EndGlobalSection
	GlobalSection(ExtensibilityGlobals) = postSolution
		SolutionGuid = {7D689B80-7B34-42C3-8CA3-9446B9DE4325}
	EndGlobalSection
EndGlobal
